
Microsoft Visual Studio Solution File, Format Version 12.00
# Visual Studio Version 17
VisualStudioVersion = 17.2.32516.85
MinimumVisualStudioVersion = 10.0.40219.1
Project("{FAE04EC0-301F-11D3-BF4B-00C04F79EFBC}") = "GerenciadorCondominios", "GerenciadorCondominios\GerenciadorCondominios.csproj", "{BD39A073-BC1A-43E4-AAA1-4E6441153A03}"
EndProject
Project("{FAE04EC0-301F-11D3-BF4B-00C04F79EFBC}") = "GerenciadorCondominios.BLL", "GerenciadorCondominios.BLL\GerenciadorCondominios.BLL.csproj", "{FD8387A8-997A-4A64-889D-06985427088C}"
EndProject
Project("{FAE04EC0-301F-11D3-BF4B-00C04F79EFBC}") = "GerenciadorCondominios.DAL", "GerenciadorCondominios.DAL\GerenciadorCondominios.DAL.csproj", "{AD5405B1-5F74-4F16-8C1B-7A5EECDB0551}"
EndProject
Global
	GlobalSection(SolutionConfigurationPlatforms) = preSolution
		Debug|Any CPU = Debug|Any CPU
		Release|Any CPU = Release|Any CPU
	EndGlobalSection
	GlobalSection(ProjectConfigurationPlatforms) = postSolution
		{BD39A073-BC1A-43E4-AAA1-4E6441153A03}.Debug|Any CPU.ActiveCfg = Debug|Any CPU
		{BD39A073-BC1A-43E4-AAA1-4E6441153A03}.Debug|Any CPU.Build.0 = Debug|Any CPU
		{BD39A073-BC1A-43E4-AAA1-4E6441153A03}.Release|Any CPU.ActiveCfg = Release|Any CPU
		{BD39A073-BC1A-43E4-AAA1-4E6441153A03}.Release|Any CPU.Build.0 = Release|Any CPU
		{FD8387A8-997A-4A64-889D-06985427088C}.Debug|Any CPU.ActiveCfg = Debug|Any CPU
		{FD8387A8-997A-4A64-889D-06985427088C}.Debug|Any CPU.Build.0 = Debug|Any CPU
		{FD8387A8-997A-4A64-889D-06985427088C}.Release|Any CPU.ActiveCfg = Release|Any CPU
		{FD8387A8-997A-4A64-889D-06985427088C}.Release|Any CPU.Build.0 = Release|Any CPU
		{AD5405B1-5F74-4F16-8C1B-7A5EECDB0551}.Debug|Any CPU.ActiveCfg = Debug|Any CPU
		{AD5405B1-5F74-4F16-8C1B-7A5EECDB0551}.Debug|Any CPU.Build.0 = Debug|Any CPU
		{AD5405B1-5F74-4F16-8C1B-7A5EECDB0551}.Release|Any CPU.ActiveCfg = Release|Any CPU
		{AD5405B1-5F74-4F16-8C1B-7A5EECDB0551}.Release|Any CPU.Build.0 = Release|Any CPU
	EndGlobalSection
	GlobalSection(SolutionProperties) = preSolution
		HideSolutionNode = FALSE
	EndGlobalSection
	GlobalSection(ExtensibilityGlobals) = postSolution
		SolutionGuid = {8A615308-5FAA-42FE-AD33-1C6711659DF8}
	EndGlobalSection
EndGlobal
