
Microsoft Visual Studio Solution File, Format Version 12.00
# Visual Studio Version 17
VisualStudioVersion = 17.2.32516.85
MinimumVisualStudioVersion = 10.0.40219.1
Project("{9A19103F-16F7-4668-BE54-9A1E7A4F7556}") = "Aula01ResolvendoProblemaSemOO", "Aula01ResolvendoProblemaSemOO\Aula01ResolvendoProblemaSemOO.csproj", "{A61DDE0F-211C-419D-AB6C-BB806BB1048D}"
EndProject
Project("{9A19103F-16F7-4668-BE54-9A1E7A4F7556}") = "Aula02ResolvendoProblemaComOO", "Aula02ResolvendoProblemaComOO\Aula02ResolvendoProblemaComOO.csproj", "{3949058B-671A-4F06-B992-A7F257647924}"
EndProject
Project("{FAE04EC0-301F-11D3-BF4B-00C04F79EFBC}") = "Exercicio01", "Exercicio01\Exercicio01.csproj", "{0CEDFB80-7728-426C-9CD1-152AF906BDF4}"
EndProject
Global
	GlobalSection(SolutionConfigurationPlatforms) = preSolution
		Debug|Any CPU = Debug|Any CPU
		Release|Any CPU = Release|Any CPU
	EndGlobalSection
	GlobalSection(ProjectConfigurationPlatforms) = postSolution
		{A61DDE0F-211C-419D-AB6C-BB806BB1048D}.Debug|Any CPU.ActiveCfg = Debug|Any CPU
		{A61DDE0F-211C-419D-AB6C-BB806BB1048D}.Debug|Any CPU.Build.0 = Debug|Any CPU
		{A61DDE0F-211C-419D-AB6C-BB806BB1048D}.Release|Any CPU.ActiveCfg = Release|Any CPU
		{A61DDE0F-211C-419D-AB6C-BB806BB1048D}.Release|Any CPU.Build.0 = Release|Any CPU
		{3949058B-671A-4F06-B992-A7F257647924}.Debug|Any CPU.ActiveCfg = Debug|Any CPU
		{3949058B-671A-4F06-B992-A7F257647924}.Debug|Any CPU.Build.0 = Debug|Any CPU
		{3949058B-671A-4F06-B992-A7F257647924}.Release|Any CPU.ActiveCfg = Release|Any CPU
		{3949058B-671A-4F06-B992-A7F257647924}.Release|Any CPU.Build.0 = Release|Any CPU
		{0CEDFB80-7728-426C-9CD1-152AF906BDF4}.Debug|Any CPU.ActiveCfg = Debug|Any CPU
		{0CEDFB80-7728-426C-9CD1-152AF906BDF4}.Debug|Any CPU.Build.0 = Debug|Any CPU
		{0CEDFB80-7728-426C-9CD1-152AF906BDF4}.Release|Any CPU.ActiveCfg = Release|Any CPU
		{0CEDFB80-7728-426C-9CD1-152AF906BDF4}.Release|Any CPU.Build.0 = Release|Any CPU
	EndGlobalSection
	GlobalSection(SolutionProperties) = preSolution
		HideSolutionNode = FALSE
	EndGlobalSection
	GlobalSection(ExtensibilityGlobals) = postSolution
		SolutionGuid = {79248E18-85C7-425B-8BEB-64F825997DE2}
	EndGlobalSection
EndGlobal
